{
  "nodes": {
    "nightfox": {
      "flake": false,
      "locked": {
        "lastModified": 1783177350,
        "narHash": "sha256-LR0VqMMuH3GN6uI2aun7yOFsLxhGASMnFuzMrhPNJ+Q=",
        "owner": "EdenEast",
        "repo": "nightfox.nvim",
        "rev": "4dacd3f0185a2227bdf3b6c0975a8f0bf87cac9a",
        "type": "github"
      },
      "original": {
        "owner": "EdenEast",
        "repo": "nightfox.nvim",
        "type": "github"
      }
    },
    "nix-claude-code": {
      "inputs": {
        "nixpkgs": [
          "nixpkgs"
        ]
      },
      "locked": {
        "lastModified": 1791486196,
        "narHash": "sha256-MXzh2fbaXV//k84Eks2D8wZiADncobwt89hIj5gjpZU=",
        "owner": "ryoppippi",
        "repo": "nix-claude-code",
        "rev": "1ffdc6151eaae78c81ddf25e6c8be7b7f56b9622",
        "type": "github"
      },
      "original": {
        "owner": "ryoppippi",
        "repo": "nix-claude-code",
        "type": "github"
      }
    },
    "nix-darwin": {
      "inputs": {
        "nixpkgs": [
          "nixpkgs"
        ]
      },
      "locked": {
        "lastModified": 1786845137,
        "narHash": "sha256-oQFip+v0luP8NIxJzmiW4Wu8bILsbFWom5l0zonl8hQ=",
        "owner": "nix-darwin",
        "repo": "nix-darwin",
        "rev": "4cff07de74b50e64bdd68cd4e722ab5b6b35ee48",
        "type": "github"
      },
      "original": {
        "owner": "nix-darwin",
        "ref": "master",
        "repo": "nix-darwin",
        "type": "github"
      }
    },
    "nixpkgs": {
      "locked": {
        "lastModified": 1791366222,
        "narHash": "sha256-o0N4g6uSOIppU7CGToNvGlMf5vC+B6O6ukFHKY/TKOY=",
        "owner": "NixOS",
        "repo": "nixpkgs",
        "rev": "39ad350a0602fa0a58a544344e3e9187526ea45c",
        "type": "github"
      },
      "original": {
        "owner": "NixOS",
        "ref": "nixpkgs-unstable",
        "repo": "nixpkgs",
        "type": "github"
      }
    },
    "pi-mono": {
      "inputs": {
        "nixpkgs": [
          "nixpkgs"
        ],
        "nixpkgs-darwin-x64": [
          "nixpkgs"
        ]
      },
      "locked": {
        "lastModified": 1791473194,
        "narHash": "sha256-jVNQiSraJEUmZMY02lxqKby2p89uOw7AAdi6XSFJjNc=",
        "owner": "badlogic",
        "repo": "pi-mono",
        "rev": "6fb2e7815167e6b19006fc526d1a5d0f5f998787",
        "type": "github"
      },
      "original": {
        "owner": "badlogic",
        "repo": "pi-mono",
        "type": "github"
      }
    },
    "root": {
      "inputs": {
        "nightfox": "nightfox",
        "nix-claude-code": "nix-claude-code",
        "nix-darwin": "nix-darwin",
        "nixpkgs": "nixpkgs",
        "pi-mono": "pi-mono"
      }
    }
  },
  "root": "root",
  "version": 7
}
