{
  "nodes": {
    "nix-claude-code": {
      "inputs": {
        "nixpkgs": [
          "nixpkgs"
        ]
      },
      "locked": {
        "lastModified": 1791396153,
        "narHash": "sha256-GIIshm+pa0kfP23cHJeC67Y2U7IGWJnAZ4N5xJs7rYc=",
        "owner": "ryoppippi",
        "repo": "nix-claude-code",
        "rev": "f7499713de34ae3f8cc67aad904bf97b624e1124",
        "type": "github"
      },
      "original": {
        "owner": "ryoppippi",
        "repo": "nix-claude-code",
        "type": "github"
      }
    },
    "nix-darwin": {
      "inputs": {
        "nixpkgs": [
          "nixpkgs"
        ]
      },
      "locked": {
        "lastModified": 1786845137,
        "narHash": "sha256-oQFip+v0luP8NIxJzmiW4Wu8bILsbFWom5l0zonl8hQ=",
        "owner": "nix-darwin",
        "repo": "nix-darwin",
        "rev": "4cff07de74b50e64bdd68cd4e722ab5b6b35ee48",
        "type": "github"
      },
      "original": {
        "owner": "nix-darwin",
        "ref": "master",
        "repo": "nix-darwin",
        "type": "github"
      }
    },
    "nixpkgs": {
      "locked": {
        "lastModified": 1791336361,
        "narHash": "sha256-o9ZUW4SlEAvFPIyJWnqChhOT/VHpHg8TAvEgmqK1fSI=",
        "owner": "NixOS",
        "repo": "nixpkgs",
        "rev": "7dd199b0e2993e37b4775ed66b1c291699608c9f",
        "type": "github"
      },
      "original": {
        "owner": "NixOS",
        "ref": "nixpkgs-unstable",
        "repo": "nixpkgs",
        "type": "github"
      }
    },
    "pi-mono": {
      "inputs": {
        "nixpkgs": [
          "nixpkgs"
        ],
        "nixpkgs-darwin-x64": [
          "nixpkgs"
        ]
      },
      "locked": {
        "lastModified": 1791408829,
        "narHash": "sha256-NBQRZr2en1c+gdtZzKQnPWo+QGivG4/HqgaWbR0x8C4=",
        "owner": "badlogic",
        "repo": "pi-mono",
        "rev": "75a99721d102d1948dcdd08ba200fb7caef81c1d",
        "type": "github"
      },
      "original": {
        "owner": "badlogic",
        "repo": "pi-mono",
        "type": "github"
      }
    },
    "root": {
      "inputs": {
        "nix-claude-code": "nix-claude-code",
        "nix-darwin": "nix-darwin",
        "nixpkgs": "nixpkgs",
        "pi-mono": "pi-mono"
      }
    }
  },
  "root": "root",
  "version": 7
}
